
Microsoft Visual Studio Solution File, Format Version 12.00
# Visual Studio 14
VisualStudioVersion = 14.0.25420.1
MinimumVisualStudioVersion = 10.0.40219.1
Project("{FAE04EC0-301F-11D3-BF4B-00C04F79EFBC}") = "MyJournal", "MyJournal\MyJournal\MyJournal.csproj", "{BB7AE1DD-7003-4CB2-AE9C-0A7E0BEB235A}"
EndProject
Project("{FAE04EC0-301F-11D3-BF4B-00C04F79EFBC}") = "MyJournal.UWP", "MyJournal\MyJournal.UWP\MyJournal.UWP.csproj", "{D83D8EDF-0056-43A4-84E4-B1D90401A0C9}"
EndProject
Project("{FAE04EC0-301F-11D3-BF4B-00C04F79EFBC}") = "MyJournal.Droid", "MyJournal\Droid\MyJournal.Droid.csproj", "{864A679D-2838-4512-8688-B924A64C33BE}"
EndProject
Global
	GlobalSection(SolutionConfigurationPlatforms) = preSolution
		Ad-Hoc|Any CPU = Ad-Hoc|Any CPU
		Ad-Hoc|ARM = Ad-Hoc|ARM
		Ad-Hoc|iPhone = Ad-Hoc|iPhone
		Ad-Hoc|iPhoneSimulator = Ad-Hoc|iPhoneSimulator
		Ad-Hoc|x64 = Ad-Hoc|x64
		Ad-Hoc|x86 = Ad-Hoc|x86
		AppStore|Any CPU = AppStore|Any CPU
		AppStore|ARM = AppStore|ARM
		AppStore|iPhone = AppStore|iPhone
		AppStore|iPhoneSimulator = AppStore|iPhoneSimulator
		AppStore|x64 = AppStore|x64
		AppStore|x86 = AppStore|x86
		Debug|Any CPU = Debug|Any CPU
		Debug|ARM = Debug|ARM
		Debug|iPhone = Debug|iPhone
		Debug|iPhoneSimulator = Debug|iPhoneSimulator
		Debug|x64 = Debug|x64
		Debug|x86 = Debug|x86
		Release|Any CPU = Release|Any CPU
		Release|ARM = Release|ARM
		Release|iPhone = Release|iPhone
		Release|iPhoneSimulator = Release|iPhoneSimulator
		Release|x64 = Release|x64
		Release|x86 = Release|x86
	EndGlobalSection
	GlobalSection(ProjectConfigurationPlatforms) = postSolution
		{BB7AE1DD-7003-4CB2-AE9C-0A7E0BEB235A}.Ad-Hoc|Any CPU.ActiveCfg = Release|Any CPU
		{BB7AE1DD-7003-4CB2-AE9C-0A7E0BEB235A}.Ad-Hoc|Any CPU.Build.0 = Release|Any CPU
		{BB7AE1DD-7003-4CB2-AE9C-0A7E0BEB235A}.Ad-Hoc|ARM.ActiveCfg = Release|Any CPU
		{BB7AE1DD-7003-4CB2-AE9C-0A7E0BEB235A}.Ad-Hoc|ARM.Build.0 = Release|Any CPU
		{BB7AE1DD-7003-4CB2-AE9C-0A7E0BEB235A}.Ad-Hoc|iPhone.ActiveCfg = Release|Any CPU
		{BB7AE1DD-7003-4CB2-AE9C-0A7E0BEB235A}.Ad-Hoc|iPhone.Build.0 = Release|Any CPU
		{BB7AE1DD-7003-4CB2-AE9C-0A7E0BEB235A}.Ad-Hoc|iPhoneSimulator.ActiveCfg = Release|Any CPU
		{BB7AE1DD-7003-4CB2-AE9C-0A7E0BEB235A}.Ad-Hoc|iPhoneSimulator.Build.0 = Release|Any CPU
		{BB7AE1DD-7003-4CB2-AE9C-0A7E0BEB235A}.Ad-Hoc|x64.ActiveCfg = Release|Any CPU
		{BB7AE1DD-7003-4CB2-AE9C-0A7E0BEB235A}.Ad-Hoc|x64.Build.0 = Release|Any CPU
		{BB7AE1DD-7003-4CB2-AE9C-0A7E0BEB235A}.Ad-Hoc|x86.ActiveCfg = Release|Any CPU
		{BB7AE1DD-7003-4CB2-AE9C-0A7E0BEB235A}.Ad-Hoc|x86.Build.0 = Release|Any CPU
		{BB7AE1DD-7003-4CB2-AE9C-0A7E0BEB235A}.AppStore|Any CPU.ActiveCfg = Release|Any CPU
		{BB7AE1DD-7003-4CB2-AE9C-0A7E0BEB235A}.AppStore|Any CPU.Build.0 = Release|Any CPU
		{BB7AE1DD-7003-4CB2-AE9C-0A7E0BEB235A}.AppStore|ARM.ActiveCfg = Release|Any CPU
		{BB7AE1DD-7003-4CB2-AE9C-0A7E0BEB235A}.AppStore|ARM.Build.0 = Release|Any CPU
		{BB7AE1DD-7003-4CB2-AE9C-0A7E0BEB235A}.AppStore|iPhone.ActiveCfg = Release|Any CPU
		{BB7AE1DD-7003-4CB2-AE9C-0A7E0BEB235A}.AppStore|iPhone.Build.0 = Release|Any CPU
		{BB7AE1DD-7003-4CB2-AE9C-0A7E0BEB235A}.AppStore|iPhoneSimulator.ActiveCfg = Release|Any CPU
		{BB7AE1DD-7003-4CB2-AE9C-0A7E0BEB235A}.AppStore|iPhoneSimulator.Build.0 = Release|Any CPU
		{BB7AE1DD-7003-4CB2-AE9C-0A7E0BEB235A}.AppStore|x64.ActiveCfg = Release|Any CPU
		{BB7AE1DD-7003-4CB2-AE9C-0A7E0BEB235A}.AppStore|x64.Build.0 = Release|Any CPU
		{BB7AE1DD-7003-4CB2-AE9C-0A7E0BEB235A}.AppStore|x86.ActiveCfg = Release|Any CPU
		{BB7AE1DD-7003-4CB2-AE9C-0A7E0BEB235A}.AppStore|x86.Build.0 = Release|Any CPU
		{BB7AE1DD-7003-4CB2-AE9C-0A7E0BEB235A}.Debug|Any CPU.ActiveCfg = Debug|Any CPU
		{BB7AE1DD-7003-4CB2-AE9C-0A7E0BEB235A}.Debug|Any CPU.Build.0 = Debug|Any CPU
		{BB7AE1DD-7003-4CB2-AE9C-0A7E0BEB235A}.Debug|ARM.ActiveCfg = Debug|Any CPU
		{BB7AE1DD-7003-4CB2-AE9C-0A7E0BEB235A}.Debug|ARM.Build.0 = Debug|Any CPU
		{BB7AE1DD-7003-4CB2-AE9C-0A7E0BEB235A}.Debug|iPhone.ActiveCfg = Debug|Any CPU
		{BB7AE1DD-7003-4CB2-AE9C-0A7E0BEB235A}.Debug|iPhone.Build.0 = Debug|Any CPU
		{BB7AE1DD-7003-4CB2-AE9C-0A7E0BEB235A}.Debug|iPhoneSimulator.ActiveCfg = Debug|Any CPU
		{BB7AE1DD-7003-4CB2-AE9C-0A7E0BEB235A}.Debug|iPhoneSimulator.Build.0 = Debug|Any CPU
		{BB7AE1DD-7003-4CB2-AE9C-0A7E0BEB235A}.Debug|x64.ActiveCfg = Debug|Any CPU
		{BB7AE1DD-7003-4CB2-AE9C-0A7E0BEB235A}.Debug|x64.Build.0 = Debug|Any CPU
		{BB7AE1DD-7003-4CB2-AE9C-0A7E0BEB235A}.Debug|x86.ActiveCfg = Debug|Any CPU
		{BB7AE1DD-7003-4CB2-AE9C-0A7E0BEB235A}.Debug|x86.Build.0 = Debug|Any CPU
		{BB7AE1DD-7003-4CB2-AE9C-0A7E0BEB235A}.Release|Any CPU.ActiveCfg = Release|Any CPU
		{BB7AE1DD-7003-4CB2-AE9C-0A7E0BEB235A}.Release|Any CPU.Build.0 = Release|Any CPU
		{BB7AE1DD-7003-4CB2-AE9C-0A7E0BEB235A}.Release|ARM.ActiveCfg = Release|Any CPU
		{BB7AE1DD-7003-4CB2-AE9C-0A7E0BEB235A}.Release|ARM.Build.0 = Release|Any CPU
		{BB7AE1DD-7003-4CB2-AE9C-0A7E0BEB235A}.Release|iPhone.ActiveCfg = Release|Any CPU
		{BB7AE1DD-7003-4CB2-AE9C-0A7E0BEB235A}.Release|iPhone.Build.0 = Release|Any CPU
		{BB7AE1DD-7003-4CB2-AE9C-0A7E0BEB235A}.Release|iPhoneSimulator.ActiveCfg = Release|Any CPU
		{BB7AE1DD-7003-4CB2-AE9C-0A7E0BEB235A}.Release|iPhoneSimulator.Build.0 = Release|Any CPU
		{BB7AE1DD-7003-4CB2-AE9C-0A7E0BEB235A}.Release|x64.ActiveCfg = Release|Any CPU
		{BB7AE1DD-7003-4CB2-AE9C-0A7E0BEB235A}.Release|x64.Build.0 = Release|Any CPU
		{BB7AE1DD-7003-4CB2-AE9C-0A7E0BEB235A}.Release|x86.ActiveCfg = Release|Any CPU
		{BB7AE1DD-7003-4CB2-AE9C-0A7E0BEB235A}.Release|x86.Build.0 = Release|Any CPU
		{D83D8EDF-0056-43A4-84E4-B1D90401A0C9}.Ad-Hoc|Any CPU.ActiveCfg = Release|x86
		{D83D8EDF-0056-43A4-84E4-B1D90401A0C9}.Ad-Hoc|Any CPU.Build.0 = Release|x86
		{D83D8EDF-0056-43A4-84E4-B1D90401A0C9}.Ad-Hoc|Any CPU.Deploy.0 = Release|x86
		{D83D8EDF-0056-43A4-84E4-B1D90401A0C9}.Ad-Hoc|ARM.ActiveCfg = Release|ARM
		{D83D8EDF-0056-43A4-84E4-B1D90401A0C9}.Ad-Hoc|ARM.Build.0 = Release|ARM
		{D83D8EDF-0056-43A4-84E4-B1D90401A0C9}.Ad-Hoc|ARM.Deploy.0 = Release|ARM
		{D83D8EDF-0056-43A4-84E4-B1D90401A0C9}.Ad-Hoc|iPhone.ActiveCfg = Release|x86
		{D83D8EDF-0056-43A4-84E4-B1D90401A0C9}.Ad-Hoc|iPhone.Build.0 = Release|x86
		{D83D8EDF-0056-43A4-84E4-B1D90401A0C9}.Ad-Hoc|iPhone.Deploy.0 = Release|x86
		{D83D8EDF-0056-43A4-84E4-B1D90401A0C9}.Ad-Hoc|iPhoneSimulator.ActiveCfg = Release|x86
		{D83D8EDF-0056-43A4-84E4-B1D90401A0C9}.Ad-Hoc|iPhoneSimulator.Build.0 = Release|x86
		{D83D8EDF-0056-43A4-84E4-B1D90401A0C9}.Ad-Hoc|iPhoneSimulator.Deploy.0 = Release|x86
		{D83D8EDF-0056-43A4-84E4-B1D90401A0C9}.Ad-Hoc|x64.ActiveCfg = Release|x64
		{D83D8EDF-0056-43A4-84E4-B1D90401A0C9}.Ad-Hoc|x64.Build.0 = Release|x64
		{D83D8EDF-0056-43A4-84E4-B1D90401A0C9}.Ad-Hoc|x64.Deploy.0 = Release|x64
		{D83D8EDF-0056-43A4-84E4-B1D90401A0C9}.Ad-Hoc|x86.ActiveCfg = Release|x86
		{D83D8EDF-0056-43A4-84E4-B1D90401A0C9}.Ad-Hoc|x86.Build.0 = Release|x86
		{D83D8EDF-0056-43A4-84E4-B1D90401A0C9}.Ad-Hoc|x86.Deploy.0 = Release|x86
		{D83D8EDF-0056-43A4-84E4-B1D90401A0C9}.AppStore|Any CPU.ActiveCfg = Release|x86
		{D83D8EDF-0056-43A4-84E4-B1D90401A0C9}.AppStore|Any CPU.Build.0 = Release|x86
		{D83D8EDF-0056-43A4-84E4-B1D90401A0C9}.AppStore|Any CPU.Deploy.0 = Release|x86
		{D83D8EDF-0056-43A4-84E4-B1D90401A0C9}.AppStore|ARM.ActiveCfg = Release|ARM
		{D83D8EDF-0056-43A4-84E4-B1D90401A0C9}.AppStore|ARM.Build.0 = Release|ARM
		{D83D8EDF-0056-43A4-84E4-B1D90401A0C9}.AppStore|ARM.Deploy.0 = Release|ARM
		{D83D8EDF-0056-43A4-84E4-B1D90401A0C9}.AppStore|iPhone.ActiveCfg = Release|x86
		{D83D8EDF-0056-43A4-84E4-B1D90401A0C9}.AppStore|iPhone.Build.0 = Release|x86
		{D83D8EDF-0056-43A4-84E4-B1D90401A0C9}.AppStore|iPhone.Deploy.0 = Release|x86
		{D83D8EDF-0056-43A4-84E4-B1D90401A0C9}.AppStore|iPhoneSimulator.ActiveCfg = Release|x86
		{D83D8EDF-0056-43A4-84E4-B1D90401A0C9}.AppStore|iPhoneSimulator.Build.0 = Release|x86
		{D83D8EDF-0056-43A4-84E4-B1D90401A0C9}.AppStore|iPhoneSimulator.Deploy.0 = Release|x86
		{D83D8EDF-0056-43A4-84E4-B1D90401A0C9}.AppStore|x64.ActiveCfg = Release|x64
		{D83D8EDF-0056-43A4-84E4-B1D90401A0C9}.AppStore|x64.Build.0 = Release|x64
		{D83D8EDF-0056-43A4-84E4-B1D90401A0C9}.AppStore|x64.Deploy.0 = Release|x64
		{D83D8EDF-0056-43A4-84E4-B1D90401A0C9}.AppStore|x86.ActiveCfg = Release|x86
		{D83D8EDF-0056-43A4-84E4-B1D90401A0C9}.AppStore|x86.Build.0 = Release|x86
		{D83D8EDF-0056-43A4-84E4-B1D90401A0C9}.AppStore|x86.Deploy.0 = Release|x86
		{D83D8EDF-0056-43A4-84E4-B1D90401A0C9}.Debug|Any CPU.ActiveCfg = Debug|x86
		{D83D8EDF-0056-43A4-84E4-B1D90401A0C9}.Debug|ARM.ActiveCfg = Debug|ARM
		{D83D8EDF-0056-43A4-84E4-B1D90401A0C9}.Debug|ARM.Build.0 = Debug|ARM
		{D83D8EDF-0056-43A4-84E4-B1D90401A0C9}.Debug|ARM.Deploy.0 = Debug|ARM
		{D83D8EDF-0056-43A4-84E4-B1D90401A0C9}.Debug|iPhone.ActiveCfg = Debug|x86
		{D83D8EDF-0056-43A4-84E4-B1D90401A0C9}.Debug|iPhoneSimulator.ActiveCfg = Debug|x86
		{D83D8EDF-0056-43A4-84E4-B1D90401A0C9}.Debug|x64.ActiveCfg = Debug|x64
		{D83D8EDF-0056-43A4-84E4-B1D90401A0C9}.Debug|x64.Build.0 = Debug|x64
		{D83D8EDF-0056-43A4-84E4-B1D90401A0C9}.Debug|x64.Deploy.0 = Debug|x64
		{D83D8EDF-0056-43A4-84E4-B1D90401A0C9}.Debug|x86.ActiveCfg = Debug|x86
		{D83D8EDF-0056-43A4-84E4-B1D90401A0C9}.Debug|x86.Build.0 = Debug|x86
		{D83D8EDF-0056-43A4-84E4-B1D90401A0C9}.Debug|x86.Deploy.0 = Debug|x86
		{D83D8EDF-0056-43A4-84E4-B1D90401A0C9}.Release|Any CPU.ActiveCfg = Release|x86
		{D83D8EDF-0056-43A4-84E4-B1D90401A0C9}.Release|ARM.ActiveCfg = Release|ARM
		{D83D8EDF-0056-43A4-84E4-B1D90401A0C9}.Release|ARM.Build.0 = Release|ARM
		{D83D8EDF-0056-43A4-84E4-B1D90401A0C9}.Release|ARM.Deploy.0 = Release|ARM
		{D83D8EDF-0056-43A4-84E4-B1D90401A0C9}.Release|iPhone.ActiveCfg = Release|x86
		{D83D8EDF-0056-43A4-84E4-B1D90401A0C9}.Release|iPhoneSimulator.ActiveCfg = Release|x86
		{D83D8EDF-0056-43A4-84E4-B1D90401A0C9}.Release|x64.ActiveCfg = Release|x64
		{D83D8EDF-0056-43A4-84E4-B1D90401A0C9}.Release|x64.Build.0 = Release|x64
		{D83D8EDF-0056-43A4-84E4-B1D90401A0C9}.Release|x64.Deploy.0 = Release|x64
		{D83D8EDF-0056-43A4-84E4-B1D90401A0C9}.Release|x86.ActiveCfg = Release|x86
		{D83D8EDF-0056-43A4-84E4-B1D90401A0C9}.Release|x86.Build.0 = Release|x86
		{D83D8EDF-0056-43A4-84E4-B1D90401A0C9}.Release|x86.Deploy.0 = Release|x86
		{864A679D-2838-4512-8688-B924A64C33BE}.Ad-Hoc|Any CPU.ActiveCfg = Debug|Any CPU
		{864A679D-2838-4512-8688-B924A64C33BE}.Ad-Hoc|Any CPU.Build.0 = Debug|Any CPU
		{864A679D-2838-4512-8688-B924A64C33BE}.Ad-Hoc|ARM.ActiveCfg = Debug|Any CPU
		{864A679D-2838-4512-8688-B924A64C33BE}.Ad-Hoc|ARM.Build.0 = Debug|Any CPU
		{864A679D-2838-4512-8688-B924A64C33BE}.Ad-Hoc|iPhone.ActiveCfg = Debug|Any CPU
		{864A679D-2838-4512-8688-B924A64C33BE}.Ad-Hoc|iPhone.Build.0 = Debug|Any CPU
		{864A679D-2838-4512-8688-B924A64C33BE}.Ad-Hoc|iPhoneSimulator.ActiveCfg = Debug|Any CPU
		{864A679D-2838-4512-8688-B924A64C33BE}.Ad-Hoc|iPhoneSimulator.Build.0 = Debug|Any CPU
		{864A679D-2838-4512-8688-B924A64C33BE}.Ad-Hoc|x64.ActiveCfg = Debug|Any CPU
		{864A679D-2838-4512-8688-B924A64C33BE}.Ad-Hoc|x64.Build.0 = Debug|Any CPU
		{864A679D-2838-4512-8688-B924A64C33BE}.Ad-Hoc|x86.ActiveCfg = Debug|Any CPU
		{864A679D-2838-4512-8688-B924A64C33BE}.Ad-Hoc|x86.Build.0 = Debug|Any CPU
		{864A679D-2838-4512-8688-B924A64C33BE}.AppStore|Any CPU.ActiveCfg = Debug|Any CPU
		{864A679D-2838-4512-8688-B924A64C33BE}.AppStore|Any CPU.Build.0 = Debug|Any CPU
		{864A679D-2838-4512-8688-B924A64C33BE}.AppStore|ARM.ActiveCfg = Debug|Any CPU
		{864A679D-2838-4512-8688-B924A64C33BE}.AppStore|ARM.Build.0 = Debug|Any CPU
		{864A679D-2838-4512-8688-B924A64C33BE}.AppStore|iPhone.ActiveCfg = Debug|Any CPU
		{864A679D-2838-4512-8688-B924A64C33BE}.AppStore|iPhone.Build.0 = Debug|Any CPU
		{864A679D-2838-4512-8688-B924A64C33BE}.AppStore|iPhoneSimulator.ActiveCfg = Debug|Any CPU
		{864A679D-2838-4512-8688-B924A64C33BE}.AppStore|iPhoneSimulator.Build.0 = Debug|Any CPU
		{864A679D-2838-4512-8688-B924A64C33BE}.AppStore|x64.ActiveCfg = Debug|Any CPU
		{864A679D-2838-4512-8688-B924A64C33BE}.AppStore|x64.Build.0 = Debug|Any CPU
		{864A679D-2838-4512-8688-B924A64C33BE}.AppStore|x86.ActiveCfg = Debug|Any CPU
		{864A679D-2838-4512-8688-B924A64C33BE}.AppStore|x86.Build.0 = Debug|Any CPU
		{864A679D-2838-4512-8688-B924A64C33BE}.Debug|Any CPU.ActiveCfg = Debug|Any CPU
		{864A679D-2838-4512-8688-B924A64C33BE}.Debug|Any CPU.Build.0 = Debug|Any CPU
		{864A679D-2838-4512-8688-B924A64C33BE}.Debug|ARM.ActiveCfg = Debug|Any CPU
		{864A679D-2838-4512-8688-B924A64C33BE}.Debug|ARM.Build.0 = Debug|Any CPU
		{864A679D-2838-4512-8688-B924A64C33BE}.Debug|iPhone.ActiveCfg = Debug|Any CPU
		{864A679D-2838-4512-8688-B924A64C33BE}.Debug|iPhone.Build.0 = Debug|Any CPU
		{864A679D-2838-4512-8688-B924A64C33BE}.Debug|iPhoneSimulator.ActiveCfg = Debug|Any CPU
		{864A679D-2838-4512-8688-B924A64C33BE}.Debug|iPhoneSimulator.Build.0 = Debug|Any CPU
		{864A679D-2838-4512-8688-B924A64C33BE}.Debug|x64.ActiveCfg = Debug|Any CPU
		{864A679D-2838-4512-8688-B924A64C33BE}.Debug|x64.Build.0 = Debug|Any CPU
		{864A679D-2838-4512-8688-B924A64C33BE}.Debug|x86.ActiveCfg = Debug|Any CPU
		{864A679D-2838-4512-8688-B924A64C33BE}.Debug|x86.Build.0 = Debug|Any CPU
		{864A679D-2838-4512-8688-B924A64C33BE}.Release|Any CPU.ActiveCfg = Release|Any CPU
		{864A679D-2838-4512-8688-B924A64C33BE}.Release|Any CPU.Build.0 = Release|Any CPU
		{864A679D-2838-4512-8688-B924A64C33BE}.Release|ARM.ActiveCfg = Release|Any CPU
		{864A679D-2838-4512-8688-B924A64C33BE}.Release|ARM.Build.0 = Release|Any CPU
		{864A679D-2838-4512-8688-B924A64C33BE}.Release|iPhone.ActiveCfg = Release|Any CPU
		{864A679D-2838-4512-8688-B924A64C33BE}.Release|iPhone.Build.0 = Release|Any CPU
		{864A679D-2838-4512-8688-B924A64C33BE}.Release|iPhoneSimulator.ActiveCfg = Release|Any CPU
		{864A679D-2838-4512-8688-B924A64C33BE}.Release|iPhoneSimulator.Build.0 = Release|Any CPU
		{864A679D-2838-4512-8688-B924A64C33BE}.Release|x64.ActiveCfg = Release|Any CPU
		{864A679D-2838-4512-8688-B924A64C33BE}.Release|x64.Build.0 = Release|Any CPU
		{864A679D-2838-4512-8688-B924A64C33BE}.Release|x86.ActiveCfg = Release|Any CPU
		{864A679D-2838-4512-8688-B924A64C33BE}.Release|x86.Build.0 = Release|Any CPU
	EndGlobalSection
	GlobalSection(SolutionProperties) = preSolution
		HideSolutionNode = FALSE
	EndGlobalSection
EndGlobal
